
Microsoft Visual Studio Solution File, Format Version 12.00
# Visual Studio Version 16
VisualStudioVersion = 16.0.29613.14
MinimumVisualStudioVersion = 10.0.40219.1
Project("{FAE04EC0-301F-11D3-BF4B-00C04F79EFBC}") = "StateServer", "StateServer\StateServer.csproj", "{BCDAF8B2-B2D1-467E-A362-40DD82D65D3C}"
EndProject
Global
	GlobalSection(SolutionConfigurationPlatforms) = preSolution
		Debug|Any CPU = Debug|Any CPU
		Release|Any CPU = Release|Any CPU
	EndGlobalSection
	GlobalSection(ProjectConfigurationPlatforms) = postSolution
		{BCDAF8B2-B2D1-467E-A362-40DD82D65D3C}.Debug|Any CPU.ActiveCfg = Debug|Any CPU
		{BCDAF8B2-B2D1-467E-A362-40DD82D65D3C}.Debug|Any CPU.Build.0 = Debug|Any CPU
		{BCDAF8B2-B2D1-467E-A362-40DD82D65D3C}.Release|Any CPU.ActiveCfg = Release|Any CPU
		{BCDAF8B2-B2D1-467E-A362-40DD82D65D3C}.Release|Any CPU.Build.0 = Release|Any CPU
	EndGlobalSection
	GlobalSection(SolutionProperties) = preSolution
		HideSolutionNode = FALSE
	EndGlobalSection
	GlobalSection(ExtensibilityGlobals) = postSolution
		SolutionGuid = {3CD54A62-739A-44F2-9EEC-40A6A41F3A41}
	EndGlobalSection
EndGlobal
