
Microsoft Visual Studio Solution File, Format Version 12.00
# Visual Studio Version 16
VisualStudioVersion = 16.0.29613.14
MinimumVisualStudioVersion = 10.0.40219.1
Project("{FAE04EC0-301F-11D3-BF4B-00C04F79EFBC}") = "StateClient", "StateClient\StateClient.csproj", "{A5874064-A21E-42FF-8104-F24806EC0AC6}"
EndProject
Global
	GlobalSection(SolutionConfigurationPlatforms) = preSolution
		Debug|Any CPU = Debug|Any CPU
		Release|Any CPU = Release|Any CPU
	EndGlobalSection
	GlobalSection(ProjectConfigurationPlatforms) = postSolution
		{A5874064-A21E-42FF-8104-F24806EC0AC6}.Debug|Any CPU.ActiveCfg = Debug|Any CPU
		{A5874064-A21E-42FF-8104-F24806EC0AC6}.Debug|Any CPU.Build.0 = Debug|Any CPU
		{A5874064-A21E-42FF-8104-F24806EC0AC6}.Release|Any CPU.ActiveCfg = Release|Any CPU
		{A5874064-A21E-42FF-8104-F24806EC0AC6}.Release|Any CPU.Build.0 = Release|Any CPU
	EndGlobalSection
	GlobalSection(SolutionProperties) = preSolution
		HideSolutionNode = FALSE
	EndGlobalSection
	GlobalSection(ExtensibilityGlobals) = postSolution
		SolutionGuid = {2F63328F-EE67-49B5-B34B-BBD46C895471}
	EndGlobalSection
EndGlobal
